
Microsoft Visual Studio Solution File, Format Version 12.00
# Visual Studio 15
VisualStudioVersion = 15.0.28307.489
MinimumVisualStudioVersion = 10.0.40219.1
Project("{FAE04EC0-301F-11D3-BF4B-00C04F79EFBC}") = "service", "service\service.csproj", "{8458928E-A623-47FD-ACC4-4BA7EA3F9F2A}"
EndProject
Project("{FAE04EC0-301F-11D3-BF4B-00C04F79EFBC}") = "client", "CalculatorForm\client.csproj", "{DF16434D-81A6-4477-901E-8B6BA67C57BF}"
EndProject
Global
	GlobalSection(SolutionConfigurationPlatforms) = preSolution
		Debug|Any CPU = Debug|Any CPU
		Release|Any CPU = Release|Any CPU
	EndGlobalSection
	GlobalSection(ProjectConfigurationPlatforms) = postSolution
		{8458928E-A623-47FD-ACC4-4BA7EA3F9F2A}.Debug|Any CPU.ActiveCfg = Debug|Any CPU
		{8458928E-A623-47FD-ACC4-4BA7EA3F9F2A}.Debug|Any CPU.Build.0 = Debug|Any CPU
		{8458928E-A623-47FD-ACC4-4BA7EA3F9F2A}.Release|Any CPU.ActiveCfg = Release|Any CPU
		{8458928E-A623-47FD-ACC4-4BA7EA3F9F2A}.Release|Any CPU.Build.0 = Release|Any CPU
		{DF16434D-81A6-4477-901E-8B6BA67C57BF}.Debug|Any CPU.ActiveCfg = Debug|Any CPU
		{DF16434D-81A6-4477-901E-8B6BA67C57BF}.Debug|Any CPU.Build.0 = Debug|Any CPU
		{DF16434D-81A6-4477-901E-8B6BA67C57BF}.Release|Any CPU.ActiveCfg = Release|Any CPU
		{DF16434D-81A6-4477-901E-8B6BA67C57BF}.Release|Any CPU.Build.0 = Release|Any CPU
	EndGlobalSection
	GlobalSection(SolutionProperties) = preSolution
		HideSolutionNode = FALSE
	EndGlobalSection
	GlobalSection(ExtensibilityGlobals) = postSolution
		SolutionGuid = {B2FEFD45-EB72-4E82-BB63-F306CF137B4C}
	EndGlobalSection
EndGlobal
